
Microsoft Visual Studio Solution File, Format Version 12.00
# Visual Studio 14
VisualStudioVersion = 14.0.25123.0
MinimumVisualStudioVersion = 10.0.40219.1
Project("{FAE04EC0-301F-11D3-BF4B-00C04F79EFBC}") = "Sdk", "Sdk\Sdk.csproj", "{BA7F17F5-9070-4841-B2B0-331BBB99E76D}"
EndProject
Project("{FAE04EC0-301F-11D3-BF4B-00C04F79EFBC}") = "DataAccess", "DataAccess\DataAccess.csproj", "{6C63104E-C77C-4003-9C32-8C5BF086FFF0}"
EndProject
Project("{FAE04EC0-301F-11D3-BF4B-00C04F79EFBC}") = "Api", "Api\Api.csproj", "{D7107F16-B9E6-436E-9B9F-075ECFB27942}"
EndProject
Project("{FAE04EC0-301F-11D3-BF4B-00C04F79EFBC}") = "Api.Tests", "Api.Tests\Api.Tests.csproj", "{8B492BC2-878C-43A8-A2C6-8C3B63A06AEE}"
EndProject
Global
	GlobalSection(SolutionConfigurationPlatforms) = preSolution
		Debug|Any CPU = Debug|Any CPU
		Release|Any CPU = Release|Any CPU
	EndGlobalSection
	GlobalSection(ProjectConfigurationPlatforms) = postSolution
		{BA7F17F5-9070-4841-B2B0-331BBB99E76D}.Debug|Any CPU.ActiveCfg = Debug|Any CPU
		{BA7F17F5-9070-4841-B2B0-331BBB99E76D}.Debug|Any CPU.Build.0 = Debug|Any CPU
		{BA7F17F5-9070-4841-B2B0-331BBB99E76D}.Release|Any CPU.ActiveCfg = Release|Any CPU
		{BA7F17F5-9070-4841-B2B0-331BBB99E76D}.Release|Any CPU.Build.0 = Release|Any CPU
		{6C63104E-C77C-4003-9C32-8C5BF086FFF0}.Debug|Any CPU.ActiveCfg = Debug|Any CPU
		{6C63104E-C77C-4003-9C32-8C5BF086FFF0}.Debug|Any CPU.Build.0 = Debug|Any CPU
		{6C63104E-C77C-4003-9C32-8C5BF086FFF0}.Release|Any CPU.ActiveCfg = Release|Any CPU
		{6C63104E-C77C-4003-9C32-8C5BF086FFF0}.Release|Any CPU.Build.0 = Release|Any CPU
		{D7107F16-B9E6-436E-9B9F-075ECFB27942}.Debug|Any CPU.ActiveCfg = Debug|Any CPU
		{D7107F16-B9E6-436E-9B9F-075ECFB27942}.Debug|Any CPU.Build.0 = Debug|Any CPU
		{D7107F16-B9E6-436E-9B9F-075ECFB27942}.Release|Any CPU.ActiveCfg = Release|Any CPU
		{D7107F16-B9E6-436E-9B9F-075ECFB27942}.Release|Any CPU.Build.0 = Release|Any CPU
		{8B492BC2-878C-43A8-A2C6-8C3B63A06AEE}.Debug|Any CPU.ActiveCfg = Debug|Any CPU
		{8B492BC2-878C-43A8-A2C6-8C3B63A06AEE}.Debug|Any CPU.Build.0 = Debug|Any CPU
		{8B492BC2-878C-43A8-A2C6-8C3B63A06AEE}.Release|Any CPU.ActiveCfg = Release|Any CPU
		{8B492BC2-878C-43A8-A2C6-8C3B63A06AEE}.Release|Any CPU.Build.0 = Release|Any CPU
	EndGlobalSection
	GlobalSection(SolutionProperties) = preSolution
		HideSolutionNode = FALSE
	EndGlobalSection
EndGlobal
